
Microsoft Visual Studio Solution File, Format Version 12.00
# Visual Studio 15
VisualStudioVersion = 15.0.28307.1831
MinimumVisualStudioVersion = 10.0.40219.1
Project("{FAE04EC0-301F-11D3-BF4B-00C04F79EFBC}") = "M3_Word_Occurrence_Calculator", "M3_Word_Occurrence_Calculator\M3_Word_Occurrence_Calculator.csproj", "{7DE501F7-994D-4650-A232-EC514B0B9370}"
EndProject
Global
	GlobalSection(SolutionConfigurationPlatforms) = preSolution
		Debug|Any CPU = Debug|Any CPU
		Release|Any CPU = Release|Any CPU
	EndGlobalSection
	GlobalSection(ProjectConfigurationPlatforms) = postSolution
		{7DE501F7-994D-4650-A232-EC514B0B9370}.Debug|Any CPU.ActiveCfg = Debug|Any CPU
		{7DE501F7-994D-4650-A232-EC514B0B9370}.Debug|Any CPU.Build.0 = Debug|Any CPU
		{7DE501F7-994D-4650-A232-EC514B0B9370}.Release|Any CPU.ActiveCfg = Release|Any CPU
		{7DE501F7-994D-4650-A232-EC514B0B9370}.Release|Any CPU.Build.0 = Release|Any CPU
	EndGlobalSection
	GlobalSection(SolutionProperties) = preSolution
		HideSolutionNode = FALSE
	EndGlobalSection
	GlobalSection(ExtensibilityGlobals) = postSolution
		SolutionGuid = {D38B9B7D-9867-47E1-9CA2-1F6E0AC04B1C}
	EndGlobalSection
EndGlobal
